// !$*UTF8*$!
{
	archiveVersion = 1;
	classes = {
	};
	objectVersion = 50;
	objects = {

/* Begin PBXBuildFile section */
		648E3C33251F09AB0003CA23 /* Movie_DBApp.swift in Sources */ = {isa = PBXBuildFile; fileRef = 648E3C32251F09AB0003CA23 /* Movie_DBApp.swift */; };
		648E3C37251F09AC0003CA23 /* Assets.xcassets in Resources */ = {isa = PBXBuildFile; fileRef = 648E3C36251F09AC0003CA23 /* Assets.xcassets */; };
		648E3C3A251F09AC0003CA23 /* Preview Assets.xcassets in Resources */ = {isa = PBXBuildFile; fileRef = 648E3C39251F09AC0003CA23 /* Preview Assets.xcassets */; };
		64C7F45A251F09F8001E45A3 /* Agent.swift in Sources */ = {isa = PBXBuildFile; fileRef = 64C7F44B251F09F8001E45A3 /* Agent.swift */; };
		64C7F472251F0B42001E45A3 /* MovieRepository.swift in Sources */ = {isa = PBXBuildFile; fileRef = 64C7F465251F0B42001E45A3 /* MovieRepository.swift */; };
		64C7F474251F0B42001E45A3 /* MovieStore.swift in Sources */ = {isa = PBXBuildFile; fileRef = 64C7F468251F0B42001E45A3 /* MovieStore.swift */; };
		64C7F477251F0B42001E45A3 /* AppConstants.swift in Sources */ = {isa = PBXBuildFile; fileRef = 64C7F46C251F0B42001E45A3 /* AppConstants.swift */; };
		64C7F478251F0B42001E45A3 /* MovieMapper.swift in Sources */ = {isa = PBXBuildFile; fileRef = 64C7F46E251F0B42001E45A3 /* MovieMapper.swift */; };
		64C7F479251F0B42001E45A3 /* DateUtils.swift in Sources */ = {isa = PBXBuildFile; fileRef = 64C7F470251F0B42001E45A3 /* DateUtils.swift */; };
		64C7F47A251F0B42001E45A3 /* Formatter.swift in Sources */ = {isa = PBXBuildFile; fileRef = 64C7F471251F0B42001E45A3 /* Formatter.swift */; };
		64C7F47C251F0C47001E45A3 /* MovieInfoResponse.swift in Sources */ = {isa = PBXBuildFile; fileRef = 64C7F47B251F0C47001E45A3 /* MovieInfoResponse.swift */; };
		64C7F47E251F0D09001E45A3 /* MovieAPI.swift in Sources */ = {isa = PBXBuildFile; fileRef = 64C7F47D251F0D09001E45A3 /* MovieAPI.swift */; };
		64C7F481251F0D60001E45A3 /* MovieInfo.swift in Sources */ = {isa = PBXBuildFile; fileRef = 64C7F480251F0D60001E45A3 /* MovieInfo.swift */; };
		64C7F483251F0DF9001E45A3 /* PopularMovieResponse.swift in Sources */ = {isa = PBXBuildFile; fileRef = 64C7F482251F0DF9001E45A3 /* PopularMovieResponse.swift */; };
		64C7F486251F127E001E45A3 /* MovieListView.swift in Sources */ = {isa = PBXBuildFile; fileRef = 64C7F485251F127E001E45A3 /* MovieListView.swift */; };
		64C7F488251F13D2001E45A3 /* MoviePosterRow.swift in Sources */ = {isa = PBXBuildFile; fileRef = 64C7F487251F13D2001E45A3 /* MoviePosterRow.swift */; };
		64C7F48A251F1513001E45A3 /* ProgressView.swift in Sources */ = {isa = PBXBuildFile; fileRef = 64C7F489251F1513001E45A3 /* ProgressView.swift */; };
		64C7F48C251F1635001E45A3 /* ApiError.swift in Sources */ = {isa = PBXBuildFile; fileRef = 64C7F48B251F1635001E45A3 /* ApiError.swift */; };
		64C7F48E251F1B5C001E45A3 /* ImageLoader.swift in Sources */ = {isa = PBXBuildFile; fileRef = 64C7F48D251F1B5C001E45A3 /* ImageLoader.swift */; };
/* End PBXBuildFile section */

/* Begin PBXFileReference section */
		648E3C2F251F09AB0003CA23 /* Movie DB.app */ = {isa = PBXFileReference; explicitFileType = wrapper.application; includeInIndex = 0; path = "Movie DB.app"; sourceTree = BUILT_PRODUCTS_DIR; };
		648E3C32251F09AB0003CA23 /* Movie_DBApp.swift */ = {isa = PBXFileReference; lastKnownFileType = sourcecode.swift; path = Movie_DBApp.swift; sourceTree = "<group>"; };
		648E3C36251F09AC0003CA23 /* Assets.xcassets */ = {isa = PBXFileReference; lastKnownFileType = folder.assetcatalog; path = Assets.xcassets; sourceTree = "<group>"; };
		648E3C39251F09AC0003CA23 /* Preview Assets.xcassets */ = {isa = PBXFileReference; lastKnownFileType = folder.assetcatalog; path = "Preview Assets.xcassets"; sourceTree = "<group>"; };
		648E3C3B251F09AC0003CA23 /* Info.plist */ = {isa = PBXFileReference; lastKnownFileType = text.plist.xml; path = Info.plist; sourceTree = "<group>"; };
		64C7F44B251F09F8001E45A3 /* Agent.swift */ = {isa = PBXFileReference; fileEncoding = 4; lastKnownFileType = sourcecode.swift; path = Agent.swift; sourceTree = "<group>"; };
		64C7F465251F0B42001E45A3 /* MovieRepository.swift */ = {isa = PBXFileReference; fileEncoding = 4; lastKnownFileType = sourcecode.swift; path = MovieRepository.swift; sourceTree = "<group>"; };
		64C7F468251F0B42001E45A3 /* MovieStore.swift */ = {isa = PBXFileReference; fileEncoding = 4; lastKnownFileType = sourcecode.swift; path = MovieStore.swift; sourceTree = "<group>"; };
		64C7F46C251F0B42001E45A3 /* AppConstants.swift */ = {isa = PBXFileReference; fileEncoding = 4; lastKnownFileType = sourcecode.swift; path = AppConstants.swift; sourceTree = "<group>"; };
		64C7F46E251F0B42001E45A3 /* MovieMapper.swift */ = {isa = PBXFileReference; fileEncoding = 4; lastKnownFileType = sourcecode.swift; path = MovieMapper.swift; sourceTree = "<group>"; };
		64C7F470251F0B42001E45A3 /* DateUtils.swift */ = {isa = PBXFileReference; fileEncoding = 4; lastKnownFileType = sourcecode.swift; path = DateUtils.swift; sourceTree = "<group>"; };
		64C7F471251F0B42001E45A3 /* Formatter.swift */ = {isa = PBXFileReference; fileEncoding = 4; lastKnownFileType = sourcecode.swift; path = Formatter.swift; sourceTree = "<group>"; };
		64C7F47B251F0C47001E45A3 /* MovieInfoResponse.swift */ = {isa = PBXFileReference; lastKnownFileType = sourcecode.swift; path = MovieInfoResponse.swift; sourceTree = "<group>"; };
		64C7F47D251F0D09001E45A3 /* MovieAPI.swift */ = {isa = PBXFileReference; lastKnownFileType = sourcecode.swift; path = MovieAPI.swift; sourceTree = "<group>"; };
		64C7F480251F0D60001E45A3 /* MovieInfo.swift */ = {isa = PBXFileReference; lastKnownFileType = sourcecode.swift; path = MovieInfo.swift; sourceTree = "<group>"; };
		64C7F482251F0DF9001E45A3 /* PopularMovieResponse.swift */ = {isa = PBXFileReference; lastKnownFileType = sourcecode.swift; path = PopularMovieResponse.swift; sourceTree = "<group>"; };
		64C7F485251F127E001E45A3 /* MovieListView.swift */ = {isa = PBXFileReference; lastKnownFileType = sourcecode.swift; path = MovieListView.swift; sourceTree = "<group>"; };
		64C7F487251F13D2001E45A3 /* MoviePosterRow.swift */ = {isa = PBXFileReference; lastKnownFileType = sourcecode.swift; path = MoviePosterRow.swift; sourceTree = "<group>"; };
		64C7F489251F1513001E45A3 /* ProgressView.swift */ = {isa = PBXFileReference; lastKnownFileType = sourcecode.swift; path = ProgressView.swift; sourceTree = "<group>"; };
		64C7F48B251F1635001E45A3 /* ApiError.swift */ = {isa = PBXFileReference; lastKnownFileType = sourcecode.swift; path = ApiError.swift; sourceTree = "<group>"; };
		64C7F48D251F1B5C001E45A3 /* ImageLoader.swift */ = {isa = PBXFileReference; lastKnownFileType = sourcecode.swift; path = ImageLoader.swift; sourceTree = "<group>"; };
/* End PBXFileReference section */

/* Begin PBXFrameworksBuildPhase section */
		648E3C2C251F09AB0003CA23 /* Frameworks */ = {
			isa = PBXFrameworksBuildPhase;
			buildActionMask = 2147483647;
			files = (
			);
			runOnlyForDeploymentPostprocessing = 0;
		};
/* End PBXFrameworksBuildPhase section */

/* Begin PBXGroup section */
		648E3C26251F09AB0003CA23 = {
			isa = PBXGroup;
			children = (
				648E3C31251F09AB0003CA23 /* Movie DB */,
				648E3C30251F09AB0003CA23 /* Products */,
			);
			sourceTree = "<group>";
		};
		648E3C30251F09AB0003CA23 /* Products */ = {
			isa = PBXGroup;
			children = (
				648E3C2F251F09AB0003CA23 /* Movie DB.app */,
			);
			name = Products;
			sourceTree = "<group>";
		};
		648E3C31251F09AB0003CA23 /* Movie DB */ = {
			isa = PBXGroup;
			children = (
				64C7F484251F1265001E45A3 /* View */,
				64C7F47F251F0D50001E45A3 /* Model */,
				64C7F46B251F0B42001E45A3 /* Constants */,
				64C7F46D251F0B42001E45A3 /* Mapper */,
				64C7F464251F0B42001E45A3 /* Repository */,
				64C7F467251F0B42001E45A3 /* Store */,
				64C7F46F251F0B42001E45A3 /* Utils */,
				64C7F444251F09F8001E45A3 /* Data */,
				648E3C32251F09AB0003CA23 /* Movie_DBApp.swift */,
				648E3C36251F09AC0003CA23 /* Assets.xcassets */,
				648E3C3B251F09AC0003CA23 /* Info.plist */,
				648E3C38251F09AC0003CA23 /* Preview Content */,
			);
			path = "Movie DB";
			sourceTree = "<group>";
		};
		648E3C38251F09AC0003CA23 /* Preview Content */ = {
			isa = PBXGroup;
			children = (
				648E3C39251F09AC0003CA23 /* Preview Assets.xcassets */,
			);
			path = "Preview Content";
			sourceTree = "<group>";
		};
		64C7F444251F09F8001E45A3 /* Data */ = {
			isa = PBXGroup;
			children = (
				64C7F446251F09F8001E45A3 /* Local */,
				64C7F448251F09F8001E45A3 /* Remote */,
			);
			path = Data;
			sourceTree = "<group>";
		};
		64C7F446251F09F8001E45A3 /* Local */ = {
			isa = PBXGroup;
			children = (
			);
			path = Local;
			sourceTree = "<group>";
		};
		64C7F448251F09F8001E45A3 /* Remote */ = {
			isa = PBXGroup;
			children = (
				64C7F47D251F0D09001E45A3 /* MovieAPI.swift */,
				64C7F44B251F09F8001E45A3 /* Agent.swift */,
				64C7F44C251F09F8001E45A3 /* Model */,
				64C7F48B251F1635001E45A3 /* ApiError.swift */,
			);
			path = Remote;
			sourceTree = "<group>";
		};
		64C7F44C251F09F8001E45A3 /* Model */ = {
			isa = PBXGroup;
			children = (
				64C7F47B251F0C47001E45A3 /* MovieInfoResponse.swift */,
				64C7F482251F0DF9001E45A3 /* PopularMovieResponse.swift */,
			);
			path = Model;
			sourceTree = "<group>";
		};
		64C7F464251F0B42001E45A3 /* Repository */ = {
			isa = PBXGroup;
			children = (
				64C7F465251F0B42001E45A3 /* MovieRepository.swift */,
			);
			path = Repository;
			sourceTree = "<group>";
		};
		64C7F467251F0B42001E45A3 /* Store */ = {
			isa = PBXGroup;
			children = (
				64C7F468251F0B42001E45A3 /* MovieStore.swift */,
			);
			path = Store;
			sourceTree = "<group>";
		};
		64C7F46B251F0B42001E45A3 /* Constants */ = {
			isa = PBXGroup;
			children = (
				64C7F46C251F0B42001E45A3 /* AppConstants.swift */,
			);
			path = Constants;
			sourceTree = "<group>";
		};
		64C7F46D251F0B42001E45A3 /* Mapper */ = {
			isa = PBXGroup;
			children = (
				64C7F46E251F0B42001E45A3 /* MovieMapper.swift */,
			);
			path = Mapper;
			sourceTree = "<group>";
		};
		64C7F46F251F0B42001E45A3 /* Utils */ = {
			isa = PBXGroup;
			children = (
				64C7F470251F0B42001E45A3 /* DateUtils.swift */,
				64C7F471251F0B42001E45A3 /* Formatter.swift */,
			);
			path = Utils;
			sourceTree = "<group>";
		};
		64C7F47F251F0D50001E45A3 /* Model */ = {
			isa = PBXGroup;
			children = (
				64C7F480251F0D60001E45A3 /* MovieInfo.swift */,
			);
			path = Model;
			sourceTree = "<group>";
		};
		64C7F484251F1265001E45A3 /* View */ = {
			isa = PBXGroup;
			children = (
				64C7F485251F127E001E45A3 /* MovieListView.swift */,
				64C7F487251F13D2001E45A3 /* MoviePosterRow.swift */,
				64C7F489251F1513001E45A3 /* ProgressView.swift */,
				64C7F48D251F1B5C001E45A3 /* ImageLoader.swift */,
			);
			path = View;
			sourceTree = "<group>";
		};
/* End PBXGroup section */

/* Begin PBXNativeTarget section */
		648E3C2E251F09AB0003CA23 /* Movie DB */ = {
			isa = PBXNativeTarget;
			buildConfigurationList = 648E3C3E251F09AC0003CA23 /* Build configuration list for PBXNativeTarget "Movie DB" */;
			buildPhases = (
				648E3C2B251F09AB0003CA23 /* Sources */,
				648E3C2C251F09AB0003CA23 /* Frameworks */,
				648E3C2D251F09AB0003CA23 /* Resources */,
			);
			buildRules = (
			);
			dependencies = (
			);
			name = "Movie DB";
			productName = "Movie DB";
			productReference = 648E3C2F251F09AB0003CA23 /* Movie DB.app */;
			productType = "com.apple.product-type.application";
		};
/* End PBXNativeTarget section */

/* Begin PBXProject section */
		648E3C27251F09AB0003CA23 /* Project object */ = {
			isa = PBXProject;
			attributes = {
				LastSwiftUpdateCheck = 1200;
				LastUpgradeCheck = 1200;
				TargetAttributes = {
					648E3C2E251F09AB0003CA23 = {
						CreatedOnToolsVersion = 12.0;
					};
				};
			};
			buildConfigurationList = 648E3C2A251F09AB0003CA23 /* Build configuration list for PBXProject "Movie DB" */;
			compatibilityVersion = "Xcode 9.3";
			developmentRegion = en;
			hasScannedForEncodings = 0;
			knownRegions = (
				en,
				Base,
			);
			mainGroup = 648E3C26251F09AB0003CA23;
			productRefGroup = 648E3C30251F09AB0003CA23 /* Products */;
			projectDirPath = "";
			projectRoot = "";
			targets = (
				648E3C2E251F09AB0003CA23 /* Movie DB */,
			);
		};
/* End PBXProject section */

/* Begin PBXResourcesBuildPhase section */
		648E3C2D251F09AB0003CA23 /* Resources */ = {
			isa = PBXResourcesBuildPhase;
			buildActionMask = 2147483647;
			files = (
				648E3C3A251F09AC0003CA23 /* Preview Assets.xcassets in Resources */,
				648E3C37251F09AC0003CA23 /* Assets.xcassets in Resources */,
			);
			runOnlyForDeploymentPostprocessing = 0;
		};
/* End PBXResourcesBuildPhase section */

/* Begin PBXSourcesBuildPhase section */
		648E3C2B251F09AB0003CA23 /* Sources */ = {
			isa = PBXSourcesBuildPhase;
			buildActionMask = 2147483647;
			files = (
				64C7F478251F0B42001E45A3 /* MovieMapper.swift in Sources */,
				64C7F48C251F1635001E45A3 /* ApiError.swift in Sources */,
				64C7F45A251F09F8001E45A3 /* Agent.swift in Sources */,
				64C7F483251F0DF9001E45A3 /* PopularMovieResponse.swift in Sources */,
				64C7F47E251F0D09001E45A3 /* MovieAPI.swift in Sources */,
				64C7F47A251F0B42001E45A3 /* Formatter.swift in Sources */,
				64C7F479251F0B42001E45A3 /* DateUtils.swift in Sources */,
				64C7F47C251F0C47001E45A3 /* MovieInfoResponse.swift in Sources */,
				64C7F486251F127E001E45A3 /* MovieListView.swift in Sources */,
				64C7F481251F0D60001E45A3 /* MovieInfo.swift in Sources */,
				64C7F472251F0B42001E45A3 /* MovieRepository.swift in Sources */,
				648E3C33251F09AB0003CA23 /* Movie_DBApp.swift in Sources */,
				64C7F474251F0B42001E45A3 /* MovieStore.swift in Sources */,
				64C7F48E251F1B5C001E45A3 /* ImageLoader.swift in Sources */,
				64C7F48A251F1513001E45A3 /* ProgressView.swift in Sources */,
				64C7F488251F13D2001E45A3 /* MoviePosterRow.swift in Sources */,
				64C7F477251F0B42001E45A3 /* AppConstants.swift in Sources */,
			);
			runOnlyForDeploymentPostprocessing = 0;
		};
/* End PBXSourcesBuildPhase section */

/* Begin XCBuildConfiguration section */
		648E3C3C251F09AC0003CA23 /* Debug */ = {
			isa = XCBuildConfiguration;
			buildSettings = {
				ALWAYS_SEARCH_USER_PATHS = NO;
				CLANG_ANALYZER_NONNULL = YES;
				CLANG_ANALYZER_NUMBER_OBJECT_CONVERSION = YES_AGGRESSIVE;
				CLANG_CXX_LANGUAGE_STANDARD = "gnu++14";
				CLANG_CXX_LIBRARY = "libc++";
				CLANG_ENABLE_MODULES = YES;
				CLANG_ENABLE_OBJC_ARC = YES;
				CLANG_ENABLE_OBJC_WEAK = YES;
				CLANG_WARN_BLOCK_CAPTURE_AUTORELEASING = YES;
				CLANG_WARN_BOOL_CONVERSION = YES;
				CLANG_WARN_COMMA = YES;
				CLANG_WARN_CONSTANT_CONVERSION = YES;
				CLANG_WARN_DEPRECATED_OBJC_IMPLEMENTATIONS = YES;
				CLANG_WARN_DIRECT_OBJC_ISA_USAGE = YES_ERROR;
				CLANG_WARN_DOCUMENTATION_COMMENTS = YES;
				CLANG_WARN_EMPTY_BODY = YES;
				CLANG_WARN_ENUM_CONVERSION = YES;
				CLANG_WARN_INFINITE_RECURSION = YES;
				CLANG_WARN_INT_CONVERSION = YES;
				CLANG_WARN_NON_LITERAL_NULL_CONVERSION = YES;
				CLANG_WARN_OBJC_IMPLICIT_RETAIN_SELF = YES;
				CLANG_WARN_OBJC_LITERAL_CONVERSION = YES;
				CLANG_WARN_OBJC_ROOT_CLASS = YES_ERROR;
				CLANG_WARN_QUOTED_INCLUDE_IN_FRAMEWORK_HEADER = YES;
				CLANG_WARN_RANGE_LOOP_ANALYSIS = YES;
				CLANG_WARN_STRICT_PROTOTYPES = YES;
				CLANG_WARN_SUSPICIOUS_MOVE = YES;
				CLANG_WARN_UNGUARDED_AVAILABILITY = YES_AGGRESSIVE;
				CLANG_WARN_UNREACHABLE_CODE = YES;
				CLANG_WARN__DUPLICATE_METHOD_MATCH = YES;
				COPY_PHASE_STRIP = NO;
				DEBUG_INFORMATION_FORMAT = dwarf;
				ENABLE_STRICT_OBJC_MSGSEND = YES;
				ENABLE_TESTABILITY = YES;
				GCC_C_LANGUAGE_STANDARD = gnu11;
				GCC_DYNAMIC_NO_PIC = NO;
				GCC_NO_COMMON_BLOCKS = YES;
				GCC_OPTIMIZATION_LEVEL = 0;
				GCC_PREPROCESSOR_DEFINITIONS = (
					"DEBUG=1",
					"$(inherited)",
				);
				GCC_WARN_64_TO_32_BIT_CONVERSION = YES;
				GCC_WARN_ABOUT_RETURN_TYPE = YES_ERROR;
				GCC_WARN_UNDECLARED_SELECTOR = YES;
				GCC_WARN_UNINITIALIZED_AUTOS = YES_AGGRESSIVE;
				GCC_WARN_UNUSED_FUNCTION = YES;
				GCC_WARN_UNUSED_VARIABLE = YES;
				IPHONEOS_DEPLOYMENT_TARGET = 14.0;
				MTL_ENABLE_DEBUG_INFO = INCLUDE_SOURCE;
				MTL_FAST_MATH = YES;
				ONLY_ACTIVE_ARCH = YES;
				SDKROOT = iphoneos;
				SWIFT_ACTIVE_COMPILATION_CONDITIONS = DEBUG;
				SWIFT_OPTIMIZATION_LEVEL = "-Onone";
			};
			name = Debug;
		};
		648E3C3D251F09AC0003CA23 /* Release */ = {
			isa = XCBuildConfiguration;
			buildSettings = {
				ALWAYS_SEARCH_USER_PATHS = NO;
				CLANG_ANALYZER_NONNULL = YES;
				CLANG_ANALYZER_NUMBER_OBJECT_CONVERSION = YES_AGGRESSIVE;
				CLANG_CXX_LANGUAGE_STANDARD = "gnu++14";
				CLANG_CXX_LIBRARY = "libc++";
				CLANG_ENABLE_MODULES = YES;
				CLANG_ENABLE_OBJC_ARC = YES;
				CLANG_ENABLE_OBJC_WEAK = YES;
				CLANG_WARN_BLOCK_CAPTURE_AUTORELEASING = YES;
				CLANG_WARN_BOOL_CONVERSION = YES;
				CLANG_WARN_COMMA = YES;
				CLANG_WARN_CONSTANT_CONVERSION = YES;
				CLANG_WARN_DEPRECATED_OBJC_IMPLEMENTATIONS = YES;
				CLANG_WARN_DIRECT_OBJC_ISA_USAGE = YES_ERROR;
				CLANG_WARN_DOCUMENTATION_COMMENTS = YES;
				CLANG_WARN_EMPTY_BODY = YES;
				CLANG_WARN_ENUM_CONVERSION = YES;
				CLANG_WARN_INFINITE_RECURSION = YES;
				CLANG_WARN_INT_CONVERSION = YES;
				CLANG_WARN_NON_LITERAL_NULL_CONVERSION = YES;
				CLANG_WARN_OBJC_IMPLICIT_RETAIN_SELF = YES;
				CLANG_WARN_OBJC_LITERAL_CONVERSION = YES;
				CLANG_WARN_OBJC_ROOT_CLASS = YES_ERROR;
				CLANG_WARN_QUOTED_INCLUDE_IN_FRAMEWORK_HEADER = YES;
				CLANG_WARN_RANGE_LOOP_ANALYSIS = YES;
				CLANG_WARN_STRICT_PROTOTYPES = YES;
				CLANG_WARN_SUSPICIOUS_MOVE = YES;
				CLANG_WARN_UNGUARDED_AVAILABILITY = YES_AGGRESSIVE;
				CLANG_WARN_UNREACHABLE_CODE = YES;
				CLANG_WARN__DUPLICATE_METHOD_MATCH = YES;
				COPY_PHASE_STRIP = NO;
				DEBUG_INFORMATION_FORMAT = "dwarf-with-dsym";
				ENABLE_NS_ASSERTIONS = NO;
				ENABLE_STRICT_OBJC_MSGSEND = YES;
				GCC_C_LANGUAGE_STANDARD = gnu11;
				GCC_NO_COMMON_BLOCKS = YES;
				GCC_WARN_64_TO_32_BIT_CONVERSION = YES;
				GCC_WARN_ABOUT_RETURN_TYPE = YES_ERROR;
				GCC_WARN_UNDECLARED_SELECTOR = YES;
				GCC_WARN_UNINITIALIZED_AUTOS = YES_AGGRESSIVE;
				GCC_WARN_UNUSED_FUNCTION = YES;
				GCC_WARN_UNUSED_VARIABLE = YES;
				IPHONEOS_DEPLOYMENT_TARGET = 14.0;
				MTL_ENABLE_DEBUG_INFO = NO;
				MTL_FAST_MATH = YES;
				SDKROOT = iphoneos;
				SWIFT_COMPILATION_MODE = wholemodule;
				SWIFT_OPTIMIZATION_LEVEL = "-O";
				VALIDATE_PRODUCT = YES;
			};
			name = Release;
		};
		648E3C3F251F09AC0003CA23 /* Debug */ = {
			isa = XCBuildConfiguration;
			buildSettings = {
				ASSETCATALOG_COMPILER_APPICON_NAME = AppIcon;
				ASSETCATALOG_COMPILER_GLOBAL_ACCENT_COLOR_NAME = AccentColor;
				CODE_SIGN_STYLE = Automatic;
				DEVELOPMENT_ASSET_PATHS = "\"Movie DB/Preview Content\"";
				DEVELOPMENT_TEAM = W97CT8JV7R;
				ENABLE_PREVIEWS = YES;
				INFOPLIST_FILE = "Movie DB/Info.plist";
				IPHONEOS_DEPLOYMENT_TARGET = 14.0;
				LD_RUNPATH_SEARCH_PATHS = (
					"$(inherited)",
					"@executable_path/Frameworks",
				);
				PRODUCT_BUNDLE_IDENTIFIER = "com.myozawoo.Movie-DB";
				PRODUCT_NAME = "$(TARGET_NAME)";
				SWIFT_VERSION = 5.0;
				TARGETED_DEVICE_FAMILY = "1,2";
			};
			name = Debug;
		};
		648E3C40251F09AC0003CA23 /* Release */ = {
			isa = XCBuildConfiguration;
			buildSettings = {
				ASSETCATALOG_COMPILER_APPICON_NAME = AppIcon;
				ASSETCATALOG_COMPILER_GLOBAL_ACCENT_COLOR_NAME = AccentColor;
				CODE_SIGN_STYLE = Automatic;
				DEVELOPMENT_ASSET_PATHS = "\"Movie DB/Preview Content\"";
				DEVELOPMENT_TEAM = W97CT8JV7R;
				ENABLE_PREVIEWS = YES;
				INFOPLIST_FILE = "Movie DB/Info.plist";
				IPHONEOS_DEPLOYMENT_TARGET = 14.0;
				LD_RUNPATH_SEARCH_PATHS = (
					"$(inherited)",
					"@executable_path/Frameworks",
				);
				PRODUCT_BUNDLE_IDENTIFIER = "com.myozawoo.Movie-DB";
				PRODUCT_NAME = "$(TARGET_NAME)";
				SWIFT_VERSION = 5.0;
				TARGETED_DEVICE_FAMILY = "1,2";
			};
			name = Release;
		};
/* End XCBuildConfiguration section */

/* Begin XCConfigurationList section */
		648E3C2A251F09AB0003CA23 /* Build configuration list for PBXProject "Movie DB" */ = {
			isa = XCConfigurationList;
			buildConfigurations = (
				648E3C3C251F09AC0003CA23 /* Debug */,
				648E3C3D251F09AC0003CA23 /* Release */,
			);
			defaultConfigurationIsVisible = 0;
			defaultConfigurationName = Release;
		};
		648E3C3E251F09AC0003CA23 /* Build configuration list for PBXNativeTarget "Movie DB" */ = {
			isa = XCConfigurationList;
			buildConfigurations = (
				648E3C3F251F09AC0003CA23 /* Debug */,
				648E3C40251F09AC0003CA23 /* Release */,
			);
			defaultConfigurationIsVisible = 0;
			defaultConfigurationName = Release;
		};
/* End XCConfigurationList section */
	};
	rootObject = 648E3C27251F09AB0003CA23 /* Project object */;
}
